
Microsoft Visual Studio Solution File, Format Version 12.00
# Visual Studio Version 17
VisualStudioVersion = 17.11.35208.52
MinimumVisualStudioVersion = 10.0.40219.1
Project("{FAE04EC0-301F-11D3-BF4B-00C04F79EFBC}") = "Ejemplo", "Ejemplo\Ejemplo.csproj", "{EC268008-B9AD-4580-9D4E-2998423A15F7}"
EndProject
Global
	GlobalSection(SolutionConfigurationPlatforms) = preSolution
		Debug|Any CPU = Debug|Any CPU
		Release|Any CPU = Release|Any CPU
	EndGlobalSection
	GlobalSection(ProjectConfigurationPlatforms) = postSolution
		{EC268008-B9AD-4580-9D4E-2998423A15F7}.Debug|Any CPU.ActiveCfg = Debug|Any CPU
		{EC268008-B9AD-4580-9D4E-2998423A15F7}.Debug|Any CPU.Build.0 = Debug|Any CPU
		{EC268008-B9AD-4580-9D4E-2998423A15F7}.Release|Any CPU.ActiveCfg = Release|Any CPU
		{EC268008-B9AD-4580-9D4E-2998423A15F7}.Release|Any CPU.Build.0 = Release|Any CPU
	EndGlobalSection
	GlobalSection(SolutionProperties) = preSolution
		HideSolutionNode = FALSE
	EndGlobalSection
	GlobalSection(ExtensibilityGlobals) = postSolution
		SolutionGuid = {14363B40-B4F5-486E-B131-49EF12D98CD3}
	EndGlobalSection
EndGlobal
